
Microsoft Visual Studio Solution File, Format Version 12.00
# Visual Studio Version 17
VisualStudioVersion = 17.0.31903.59
MinimumVisualStudioVersion = 10.0.40219.1
Project("{FAE04EC0-301F-11D3-BF4B-00C04F79EFBC}") = "Domain", "Domain\Domain.csproj", "{7BF59334-1294-4B24-8A99-CFD2AD080D1B}"
EndProject
Project("{FAE04EC0-301F-11D3-BF4B-00C04F79EFBC}") = "Infrastructure", "Infrastructure\Infrastructure.csproj", "{FCE386D9-4E7B-4872-88E4-D85D82A69552}"
EndProject
Project("{FAE04EC0-301F-11D3-BF4B-00C04F79EFBC}") = "WebApp", "WebApp\WebApp.csproj", "{33A0CAE1-F280-450F-BC13-6DA5149AD680}"
EndProject
Global
	GlobalSection(SolutionConfigurationPlatforms) = preSolution
		Debug|Any CPU = Debug|Any CPU
		Release|Any CPU = Release|Any CPU
	EndGlobalSection
	GlobalSection(SolutionProperties) = preSolution
		HideSolutionNode = FALSE
	EndGlobalSection
	GlobalSection(ProjectConfigurationPlatforms) = postSolution
		{7BF59334-1294-4B24-8A99-CFD2AD080D1B}.Debug|Any CPU.ActiveCfg = Debug|Any CPU
		{7BF59334-1294-4B24-8A99-CFD2AD080D1B}.Debug|Any CPU.Build.0 = Debug|Any CPU
		{7BF59334-1294-4B24-8A99-CFD2AD080D1B}.Release|Any CPU.ActiveCfg = Release|Any CPU
		{7BF59334-1294-4B24-8A99-CFD2AD080D1B}.Release|Any CPU.Build.0 = Release|Any CPU
		{FCE386D9-4E7B-4872-88E4-D85D82A69552}.Debug|Any CPU.ActiveCfg = Debug|Any CPU
		{FCE386D9-4E7B-4872-88E4-D85D82A69552}.Debug|Any CPU.Build.0 = Debug|Any CPU
		{FCE386D9-4E7B-4872-88E4-D85D82A69552}.Release|Any CPU.ActiveCfg = Release|Any CPU
		{FCE386D9-4E7B-4872-88E4-D85D82A69552}.Release|Any CPU.Build.0 = Release|Any CPU
		{33A0CAE1-F280-450F-BC13-6DA5149AD680}.Debug|Any CPU.ActiveCfg = Debug|Any CPU
		{33A0CAE1-F280-450F-BC13-6DA5149AD680}.Debug|Any CPU.Build.0 = Debug|Any CPU
		{33A0CAE1-F280-450F-BC13-6DA5149AD680}.Release|Any CPU.ActiveCfg = Release|Any CPU
		{33A0CAE1-F280-450F-BC13-6DA5149AD680}.Release|Any CPU.Build.0 = Release|Any CPU
	EndGlobalSection
EndGlobal
